
Microsoft Visual Studio Solution File, Format Version 12.00
# Visual Studio Version 16
VisualStudioVersion = 16.0.31624.102
MinimumVisualStudioVersion = 10.0.40219.1
Project("{9A19103F-16F7-4668-BE54-9A1E7A4F7556}") = "demo-api-netcore-zeer", "demo-api-zeer\demo-api-netcore-zeer.csproj", "{BD309378-9862-4FA9-921D-696E1405645A}"
EndProject
Global
	GlobalSection(SolutionConfigurationPlatforms) = preSolution
		Debug|Any CPU = Debug|Any CPU
		Release|Any CPU = Release|Any CPU
	EndGlobalSection
	GlobalSection(ProjectConfigurationPlatforms) = postSolution
		{BD309378-9862-4FA9-921D-696E1405645A}.Debug|Any CPU.ActiveCfg = Debug|Any CPU
		{BD309378-9862-4FA9-921D-696E1405645A}.Debug|Any CPU.Build.0 = Debug|Any CPU
		{BD309378-9862-4FA9-921D-696E1405645A}.Release|Any CPU.ActiveCfg = Release|Any CPU
		{BD309378-9862-4FA9-921D-696E1405645A}.Release|Any CPU.Build.0 = Release|Any CPU
	EndGlobalSection
	GlobalSection(SolutionProperties) = preSolution
		HideSolutionNode = FALSE
	EndGlobalSection
	GlobalSection(ExtensibilityGlobals) = postSolution
		SolutionGuid = {DC2BDA00-95A6-40BB-907E-DEA952B9D18B}
	EndGlobalSection
EndGlobal
